
Microsoft Visual Studio Solution File, Format Version 12.00
# Visual Studio Version 17
VisualStudioVersion = 17.6.33815.320
MinimumVisualStudioVersion = 10.0.40219.1
Project("{9A19103F-16F7-4668-BE54-9A1E7A4F7556}") = "AdoNetProject", "AdoNetProject\AdoNetProject.csproj", "{78CF6ADE-F74D-4ED4-BBA6-709D6832193A}"
EndProject
Global
	GlobalSection(SolutionConfigurationPlatforms) = preSolution
		Debug|Any CPU = Debug|Any CPU
		Release|Any CPU = Release|Any CPU
	EndGlobalSection
	GlobalSection(ProjectConfigurationPlatforms) = postSolution
		{78CF6ADE-F74D-4ED4-BBA6-709D6832193A}.Debug|Any CPU.ActiveCfg = Debug|Any CPU
		{78CF6ADE-F74D-4ED4-BBA6-709D6832193A}.Debug|Any CPU.Build.0 = Debug|Any CPU
		{78CF6ADE-F74D-4ED4-BBA6-709D6832193A}.Release|Any CPU.ActiveCfg = Release|Any CPU
		{78CF6ADE-F74D-4ED4-BBA6-709D6832193A}.Release|Any CPU.Build.0 = Release|Any CPU
	EndGlobalSection
	GlobalSection(SolutionProperties) = preSolution
		HideSolutionNode = FALSE
	EndGlobalSection
	GlobalSection(ExtensibilityGlobals) = postSolution
		SolutionGuid = {CCD6853C-CC6B-4B56-A1F4-6B388B0368C3}
	EndGlobalSection
EndGlobal
